PODS:
  - KRPullLoader (1.3.0)
  - ProgressHUD (13.4)

DEPENDENCIES:
  - KRPullLoader
  - ProgressHUD

SPEC REPOS:
  trunk:
    - KRPullLoader
    - ProgressHUD

SPEC CHECKSUMS:
  KRPullLoader: c81594d578c90f46c1fe539b8d9a6a581ce3bdb0
  ProgressHUD: 137a7fc677487c5581668f4490563124fb35c232

PODFILE CHECKSUM: 244d736b66e2de8d052bd5e3b9d0dd3d071d740c

COCOAPODS: 1.10.0
